# This file is automatically @generated by Poetry 1.8.2 and should not be changed by hand.

[[package]]
name = "prompt-toolkit"
version = "3.0.36"
description = "Library for building powerful interactive command lines in Python"
optional = false
python-versions = ">=3.6.2"
files = [
    {file = "prompt_toolkit-3.0.36-py3-none-any.whl", hash = "sha256:aa64ad242a462c5ff0363a7b9cfe696c20d55d9fc60c11fd8e632d064804d305"},
    {file = "prompt_toolkit-3.0.36.tar.gz", hash = "sha256:3e163f254bef5a03b146397d7c1963bd3e2812f0964bb9a24e6ec761fd28db63"},
]

[package.dependencies]
wcwidth = "*"

[[package]]
name = "questionary"
version = "2.0.1"
description = "Python library to build pretty command line user prompts ⭐️"
optional = false
python-versions = ">=3.8"
files = [
    {file = "questionary-2.0.1-py3-none-any.whl", hash = "sha256:8ab9a01d0b91b68444dff7f6652c1e754105533f083cbe27597c8110ecc230a2"},
    {file = "questionary-2.0.1.tar.gz", hash = "sha256:bcce898bf3dbb446ff62830c86c5c6fb9a22a54146f0f5597d3da43b10d8fc8b"},
]

[package.dependencies]
prompt_toolkit = ">=2.0,<=3.0.36"

[[package]]
name = "ruff"
version = "0.4.0"
description = "An extremely fast Python linter and code formatter, written in Rust."
optional = false
python-versions = ">=3.7"
files = [
    {file = "ruff-0.4.0-py3-none-macosx_10_12_x86_64.macosx_11_0_arm64.macosx_10_12_universal2.whl", hash = "sha256:70b8c620cf2212744eabd6d69c4f839f2be0d8880d27beaeb0adb6aa0b316aa8"},
    {file = "ruff-0.4.0-py3-none-macosx_10_12_x86_64.whl", hash = "sha256:cfa3e3ff53be05a8c5570c1585ea1e089f6b399ca99fcb78598d4a8234f248db"},
    {file = "ruff-0.4.0-py3-none-manylinux_2_17_aarch64.manylinux2014_aarch64.whl", hash = "sha256:5616cca501d1d16b932b7e607d7e1fd1b8c8c51d6ee484b7940fc1adc5bea541"},
    {file = "ruff-0.4.0-py3-none-manylinux_2_17_armv7l.manylinux2014_armv7l.whl", hash = "sha256:46eff08dd480b5d9b540846159fe134d70e3c45a3c913c600047cbf7f0e4e308"},
    {file = "ruff-0.4.0-py3-none-manylinux_2_17_i686.manylinux2014_i686.whl", hash = "sha256:2d546f511431fff2b17adcf7110f3b2c2c0c8d33b0e10e5fd27fd340bc617efc"},
    {file = "ruff-0.4.0-py3-none-manylinux_2_17_ppc64.manylinux2014_ppc64.whl", hash = "sha256:c7b6b6b38e216036284c5779b6aa14acbf5664e3b5872533219cf93daf40ddfb"},
    {file = "ruff-0.4.0-py3-none-manylinux_2_17_ppc64le.manylinux2014_ppc64le.whl", hash = "sha256:5e1cf8b064bb2a6b4922af7274fe2dffcb552d96ba716b2fbe5e2c970ed7de18"},
    {file = "ruff-0.4.0-py3-none-manylinux_2_17_s390x.manylinux2014_s390x.whl", hash = "sha256:9911c9046b94253e1fa844c0192bb764b86866a881502dee324686474d498c17"},
    {file = "ruff-0.4.0-py3-none-manylinux_2_17_x86_64.manylinux2014_x86_64.whl", hash = "sha256:4ca7a971c8f1a0b6f5ff4a819c0d1c2619536530bbd5a289af725d8b2ef1013d"},
    {file = "ruff-0.4.0-py3-none-musllinux_1_2_aarch64.whl", hash = "sha256:752e0f77f421141dd470a0b1bed4fd8f763aebabe32c80ed3580f740ef4ba807"},
    {file = "ruff-0.4.0-py3-none-musllinux_1_2_armv7l.whl", hash = "sha256:84f2a5dd8f33964d826c5377e094f7ce11e55e432cd42d3bf64efe4384224a03"},
    {file = "ruff-0.4.0-py3-none-musllinux_1_2_i686.whl", hash = "sha256:0b20e7db4a672495320a8a18149b7febf4e4f97509a4657367144569ce0915fd"},
    {file = "ruff-0.4.0-py3-none-musllinux_1_2_x86_64.whl", hash = "sha256:0b0eddd339e24dc4f7719b1cde4967f6b6bc0ad948cc183711ba8910f14aeafe"},
    {file = "ruff-0.4.0-py3-none-win32.whl", hash = "sha256:e70befd488271a2c28c80bd427f73d8855dd222fc549fa1e9967d287c5cfe781"},
    {file = "ruff-0.4.0-py3-none-win_amd64.whl", hash = "sha256:8584b9361900997ccf8d7aaa4dc4ab43e258a853ca7189d98ac929dc9ee50875"},
    {file = "ruff-0.4.0-py3-none-win_arm64.whl", hash = "sha256:fea4ec813c965e40af29ee627a1579ee1d827d77e81d54b85bdd7b42d1540cdd"},
    {file = "ruff-0.4.0.tar.gz", hash = "sha256:7457308d9ebf00d6a1c9a26aa755e477787a636c90b823f91cd7d4bea9e89260"},
]

[[package]]
name = "wcwidth"
version = "0.2.13"
description = "Measures the displayed width of unicode strings in a terminal"
optional = false
python-versions = "*"
files = [
    {file = "wcwidth-0.2.13-py2.py3-none-any.whl", hash = "sha256:3da69048e4540d84af32131829ff948f1e022c1c6bdb8d6102117aac784f6859"},
    {file = "wcwidth-0.2.13.tar.gz", hash = "sha256:72ea0c06399eb286d978fdedb6923a9eb47e1c486ce63e9b4e64fc18303972b5"},
]

[metadata]
lock-version = "2.0"
python-versions = "^3.12"
content-hash = "f04c1262ca56203b6b0c9d9962399040ca5353c1cc0728d45607a306f57afefb"
